
Microsoft Visual Studio Solution File, Format Version 12.00
# Visual Studio Version 16
VisualStudioVersion = 16.0.29709.97
MinimumVisualStudioVersion = 10.0.40219.1
Project("{FAE04EC0-301F-11D3-BF4B-00C04F79EFBC}") = "LR27", "LR27\LR27.csproj", "{D0AE4A7B-B269-46D7-B667-674EBE3C8EC8}"
EndProject
Global
	GlobalSection(SolutionConfigurationPlatforms) = preSolution
		Debug|Any CPU = Debug|Any CPU
		Release|Any CPU = Release|Any CPU
	EndGlobalSection
	GlobalSection(ProjectConfigurationPlatforms) = postSolution
		{D0AE4A7B-B269-46D7-B667-674EBE3C8EC8}.Debug|Any CPU.ActiveCfg = Debug|Any CPU
		{D0AE4A7B-B269-46D7-B667-674EBE3C8EC8}.Debug|Any CPU.Build.0 = Debug|Any CPU
		{D0AE4A7B-B269-46D7-B667-674EBE3C8EC8}.Release|Any CPU.ActiveCfg = Release|Any CPU
		{D0AE4A7B-B269-46D7-B667-674EBE3C8EC8}.Release|Any CPU.Build.0 = Release|Any CPU
	EndGlobalSection
	GlobalSection(SolutionProperties) = preSolution
		HideSolutionNode = FALSE
	EndGlobalSection
	GlobalSection(ExtensibilityGlobals) = postSolution
		SolutionGuid = {151AA263-6807-4C0E-86AE-B2EBDEC7B7CB}
	EndGlobalSection
EndGlobal
